
Microsoft Visual Studio Solution File, Format Version 12.00
# Visual Studio Version 17
VisualStudioVersion = 17.4.33403.182
MinimumVisualStudioVersion = 10.0.40219.1
Project("{FAE04EC0-301F-11D3-BF4B-00C04F79EFBC}") = "MathTesting", "MathTesting.csproj", "{94860F5C-40D2-4207-87AE-B33273FC43B6}"
EndProject
Project("{FAE04EC0-301F-11D3-BF4B-00C04F79EFBC}") = "MathTest.Tests", "..\MathTest.Tests\MathTest.Tests.csproj", "{D1E0A07B-B0AB-4794-B388-36DD9298D499}"
EndProject
Global
	GlobalSection(SolutionConfigurationPlatforms) = preSolution
		Debug|Any CPU = Debug|Any CPU
		Release|Any CPU = Release|Any CPU
	EndGlobalSection
	GlobalSection(ProjectConfigurationPlatforms) = postSolution
		{94860F5C-40D2-4207-87AE-B33273FC43B6}.Debug|Any CPU.ActiveCfg = Debug|Any CPU
		{94860F5C-40D2-4207-87AE-B33273FC43B6}.Debug|Any CPU.Build.0 = Debug|Any CPU
		{94860F5C-40D2-4207-87AE-B33273FC43B6}.Release|Any CPU.ActiveCfg = Release|Any CPU
		{94860F5C-40D2-4207-87AE-B33273FC43B6}.Release|Any CPU.Build.0 = Release|Any CPU
		{D1E0A07B-B0AB-4794-B388-36DD9298D499}.Debug|Any CPU.ActiveCfg = Debug|Any CPU
		{D1E0A07B-B0AB-4794-B388-36DD9298D499}.Debug|Any CPU.Build.0 = Debug|Any CPU
		{D1E0A07B-B0AB-4794-B388-36DD9298D499}.Release|Any CPU.ActiveCfg = Release|Any CPU
		{D1E0A07B-B0AB-4794-B388-36DD9298D499}.Release|Any CPU.Build.0 = Release|Any CPU
	EndGlobalSection
	GlobalSection(SolutionProperties) = preSolution
		HideSolutionNode = FALSE
	EndGlobalSection
	GlobalSection(ExtensibilityGlobals) = postSolution
		SolutionGuid = {39ADC37B-FCB3-4290-BF7A-D1E572915E23}
	EndGlobalSection
EndGlobal
